{
  "requires": true,
  "lockfileVersion": 1,
  "dependencies": {
    "demowebapp": {
      "version": "1.0.1",
      "resolved": "https://registry.npmjs.org/demowebapp/-/demowebapp-1.0.1.tgz",
      "integrity": "sha512-U8GRGRm9J8M0N3Grn6d4gapvKjCpS50a4DwbcH3GBXopCbb5IWjMXYIeexvdneVnqDq4Cd0GFrqQBdBHcPVsgw=="
    }
  }
}
